
Microsoft Visual Studio Solution File, Format Version 12.00
# Visual Studio 15
VisualStudioVersion = 15.0.27703.2042
MinimumVisualStudioVersion = 10.0.40219.1
Project("{FAE04EC0-301F-11D3-BF4B-00C04F79EFBC}") = "DataBaseAdo1", "DataBaseAdo1\DataBaseAdo1.csproj", "{AAD27545-5EDD-4C19-9203-4BDA4B7DD798}"
EndProject
Global
	GlobalSection(SolutionConfigurationPlatforms) = preSolution
		Debug|Any CPU = Debug|Any CPU
		Release|Any CPU = Release|Any CPU
	EndGlobalSection
	GlobalSection(ProjectConfigurationPlatforms) = postSolution
		{AAD27545-5EDD-4C19-9203-4BDA4B7DD798}.Debug|Any CPU.ActiveCfg = Debug|Any CPU
		{AAD27545-5EDD-4C19-9203-4BDA4B7DD798}.Debug|Any CPU.Build.0 = Debug|Any CPU
		{AAD27545-5EDD-4C19-9203-4BDA4B7DD798}.Release|Any CPU.ActiveCfg = Release|Any CPU
		{AAD27545-5EDD-4C19-9203-4BDA4B7DD798}.Release|Any CPU.Build.0 = Release|Any CPU
	EndGlobalSection
	GlobalSection(SolutionProperties) = preSolution
		HideSolutionNode = FALSE
	EndGlobalSection
	GlobalSection(ExtensibilityGlobals) = postSolution
		SolutionGuid = {8C0B46F2-7004-46ED-AA45-0A8C32E503DB}
	EndGlobalSection
EndGlobal
